// !$*UTF8*$!
{
	archiveVersion = 1;
	classes = {
	};
	objectVersion = 51;
	objects = {

/* Begin PBXBuildFile section */
		386EDE0FDBAC249C9446D66B /* Pods_CollectionView.framework in Frameworks */ = {isa = PBXBuildFile; fileRef = 41DD921050BAD23333201652 /* Pods_CollectionView.framework */; };
		7A6E427522BD5058002B15E1 /* AppDelegate.swift in Sources */ = {isa = PBXBuildFile; fileRef = 7A6E427422BD5058002B15E1 /* AppDelegate.swift */; };
		7A6E427722BD5058002B15E1 /* ViewController.swift in Sources */ = {isa = PBXBuildFile; fileRef = 7A6E427622BD5058002B15E1 /* ViewController.swift */; };
		7A6E427A22BD5058002B15E1 /* Main.storyboard in Resources */ = {isa = PBXBuildFile; fileRef = 7A6E427822BD5058002B15E1 /* Main.storyboard */; };
		7A6E427C22BD505A002B15E1 /* Assets.xcassets in Resources */ = {isa = PBXBuildFile; fileRef = 7A6E427B22BD505A002B15E1 /* Assets.xcassets */; };
		7A6E427F22BD505A002B15E1 /* LaunchScreen.storyboard in Resources */ = {isa = PBXBuildFile; fileRef = 7A6E427D22BD505A002B15E1 /* LaunchScreen.storyboard */; };
		7A6E428822BD572A002B15E1 /* TechnologyCollectionViewCell.swift in Sources */ = {isa = PBXBuildFile; fileRef = 7A6E428722BD572A002B15E1 /* TechnologyCollectionViewCell.swift */; };
		7A6E428B22BD58BA002B15E1 /* TechnologyModel.swift in Sources */ = {isa = PBXBuildFile; fileRef = 7A6E428A22BD58BA002B15E1 /* TechnologyModel.swift */; };
/* End PBXBuildFile section */

/* Begin PBXFileReference section */
		1BF84FC1813DC0C77B540F33 /* Pods-CollectionView.debug.xcconfig */ = {isa = PBXFileReference; includeInIndex = 1; lastKnownFileType = text.xcconfig; name = "Pods-CollectionView.debug.xcconfig"; path = "Target Support Files/Pods-CollectionView/Pods-CollectionView.debug.xcconfig"; sourceTree = "<group>"; };
		41DD921050BAD23333201652 /* Pods_CollectionView.framework */ = {isa = PBXFileReference; explicitFileType = wrapper.framework; includeInIndex = 0; path = Pods_CollectionView.framework; sourceTree = BUILT_PRODUCTS_DIR; };
		59E01291F946371FF97AD660 /* Pods-CollectionView.release.xcconfig */ = {isa = PBXFileReference; includeInIndex = 1; lastKnownFileType = text.xcconfig; name = "Pods-CollectionView.release.xcconfig"; path = "Target Support Files/Pods-CollectionView/Pods-CollectionView.release.xcconfig"; sourceTree = "<group>"; };
		7A6E427122BD5058002B15E1 /* CollectionView.app */ = {isa = PBXFileReference; explicitFileType = wrapper.application; includeInIndex = 0; path = CollectionView.app; sourceTree = BUILT_PRODUCTS_DIR; };
		7A6E427422BD5058002B15E1 /* AppDelegate.swift */ = {isa = PBXFileReference; lastKnownFileType = sourcecode.swift; path = AppDelegate.swift; sourceTree = "<group>"; };
		7A6E427622BD5058002B15E1 /* ViewController.swift */ = {isa = PBXFileReference; lastKnownFileType = sourcecode.swift; path = ViewController.swift; sourceTree = "<group>"; };
		7A6E427922BD5058002B15E1 /* Base */ = {isa = PBXFileReference; lastKnownFileType = file.storyboard; name = Base; path = Base.lproj/Main.storyboard; sourceTree = "<group>"; };
		7A6E427B22BD505A002B15E1 /* Assets.xcassets */ = {isa = PBXFileReference; lastKnownFileType = folder.assetcatalog; path = Assets.xcassets; sourceTree = "<group>"; };
		7A6E427E22BD505A002B15E1 /* Base */ = {isa = PBXFileReference; lastKnownFileType = file.storyboard; name = Base; path = Base.lproj/LaunchScreen.storyboard; sourceTree = "<group>"; };
		7A6E428022BD505A002B15E1 /* Info.plist */ = {isa = PBXFileReference; lastKnownFileType = text.plist.xml; path = Info.plist; sourceTree = "<group>"; };
		7A6E428722BD572A002B15E1 /* TechnologyCollectionViewCell.swift */ = {isa = PBXFileReference; lastKnownFileType = sourcecode.swift; path = TechnologyCollectionViewCell.swift; sourceTree = "<group>"; };
		7A6E428A22BD58BA002B15E1 /* TechnologyModel.swift */ = {isa = PBXFileReference; lastKnownFileType = sourcecode.swift; path = TechnologyModel.swift; sourceTree = "<group>"; };
/* End PBXFileReference section */

/* Begin PBXFrameworksBuildPhase section */
		7A6E426E22BD5058002B15E1 /* Frameworks */ = {
			isa = PBXFrameworksBuildPhase;
			buildActionMask = 2147483647;
			files = (
				386EDE0FDBAC249C9446D66B /* Pods_CollectionView.framework in Frameworks */,
			);
			runOnlyForDeploymentPostprocessing = 0;
		};
/* End PBXFrameworksBuildPhase section */

/* Begin PBXGroup section */
		7A6E426822BD5058002B15E1 = {
			isa = PBXGroup;
			children = (
				7A6E427322BD5058002B15E1 /* CollectionView */,
				7A6E427222BD5058002B15E1 /* Products */,
				97ADA1BFD78350C0C7EE3C72 /* Pods */,
				ED1D06D48587566EADFAF374 /* Frameworks */,
			);
			sourceTree = "<group>";
		};
		7A6E427222BD5058002B15E1 /* Products */ = {
			isa = PBXGroup;
			children = (
				7A6E427122BD5058002B15E1 /* CollectionView.app */,
			);
			name = Products;
			sourceTree = "<group>";
		};
		7A6E427322BD5058002B15E1 /* CollectionView */ = {
			isa = PBXGroup;
			children = (
				7A6E427422BD5058002B15E1 /* AppDelegate.swift */,
				7A6E427822BD5058002B15E1 /* Main.storyboard */,
				7A6E427B22BD505A002B15E1 /* Assets.xcassets */,
				7A6E427D22BD505A002B15E1 /* LaunchScreen.storyboard */,
				7A6E428022BD505A002B15E1 /* Info.plist */,
				7A6E428922BD58A4002B15E1 /* Models */,
				7A6E428622BD56D8002B15E1 /* Controllers */,
			);
			path = CollectionView;
			sourceTree = "<group>";
		};
		7A6E428622BD56D8002B15E1 /* Controllers */ = {
			isa = PBXGroup;
			children = (
				7A6E427622BD5058002B15E1 /* ViewController.swift */,
				7A6E428722BD572A002B15E1 /* TechnologyCollectionViewCell.swift */,
			);
			path = Controllers;
			sourceTree = "<group>";
		};
		7A6E428922BD58A4002B15E1 /* Models */ = {
			isa = PBXGroup;
			children = (
				7A6E428A22BD58BA002B15E1 /* TechnologyModel.swift */,
			);
			path = Models;
			sourceTree = "<group>";
		};
		97ADA1BFD78350C0C7EE3C72 /* Pods */ = {
			isa = PBXGroup;
			children = (
				1BF84FC1813DC0C77B540F33 /* Pods-CollectionView.debug.xcconfig */,
				59E01291F946371FF97AD660 /* Pods-CollectionView.release.xcconfig */,
			);
			path = Pods;
			sourceTree = "<group>";
		};
		ED1D06D48587566EADFAF374 /* Frameworks */ = {
			isa = PBXGroup;
			children = (
				41DD921050BAD23333201652 /* Pods_CollectionView.framework */,
			);
			name = Frameworks;
			sourceTree = "<group>";
		};
/* End PBXGroup section */

/* Begin PBXNativeTarget section */
		7A6E427022BD5058002B15E1 /* CollectionView */ = {
			isa = PBXNativeTarget;
			buildConfigurationList = 7A6E428322BD505A002B15E1 /* Build configuration list for PBXNativeTarget "CollectionView" */;
			buildPhases = (
				F5C114002A2276661DFD9AD5 /* [CP] Check Pods Manifest.lock */,
				7A6E426D22BD5058002B15E1 /* Sources */,
				7A6E426E22BD5058002B15E1 /* Frameworks */,
				7A6E426F22BD5058002B15E1 /* Resources */,
				040D829B08C25C4B48CEFBC8 /* [CP] Embed Pods Frameworks */,
			);
			buildRules = (
			);
			dependencies = (
			);
			name = CollectionView;
			productName = CollectionView;
			productReference = 7A6E427122BD5058002B15E1 /* CollectionView.app */;
			productType = "com.apple.product-type.application";
		};
/* End PBXNativeTarget section */

/* Begin PBXProject section */
		7A6E426922BD5058002B15E1 /* Project object */ = {
			isa = PBXProject;
			attributes = {
				LastSwiftUpdateCheck = 1020;
				LastUpgradeCheck = 1020;
				ORGANIZATIONNAME = Thaliees;
				TargetAttributes = {
					7A6E427022BD5058002B15E1 = {
						CreatedOnToolsVersion = 10.2.1;
					};
				};
			};
			buildConfigurationList = 7A6E426C22BD5058002B15E1 /* Build configuration list for PBXProject "CollectionView" */;
			compatibilityVersion = "Xcode 9.3";
			developmentRegion = en;
			hasScannedForEncodings = 0;
			knownRegions = (
				en,
				Base,
			);
			mainGroup = 7A6E426822BD5058002B15E1;
			productRefGroup = 7A6E427222BD5058002B15E1 /* Products */;
			projectDirPath = "";
			projectRoot = "";
			targets = (
				7A6E427022BD5058002B15E1 /* CollectionView */,
			);
		};
/* End PBXProject section */

/* Begin PBXResourcesBuildPhase section */
		7A6E426F22BD5058002B15E1 /* Resources */ = {
			isa = PBXResourcesBuildPhase;
			buildActionMask = 2147483647;
			files = (
				7A6E427F22BD505A002B15E1 /* LaunchScreen.storyboard in Resources */,
				7A6E427C22BD505A002B15E1 /* Assets.xcassets in Resources */,
				7A6E427A22BD5058002B15E1 /* Main.storyboard in Resources */,
			);
			runOnlyForDeploymentPostprocessing = 0;
		};
/* End PBXResourcesBuildPhase section */

/* Begin PBXShellScriptBuildPhase section */
		040D829B08C25C4B48CEFBC8 /* [CP] Embed Pods Frameworks */ = {
			isa = PBXShellScriptBuildPhase;
			buildActionMask = 2147483647;
			files = (
			);
			inputFileListPaths = (
				"${PODS_ROOT}/Target Support Files/Pods-CollectionView/Pods-CollectionView-frameworks-${CONFIGURATION}-input-files.xcfilelist",
			);
			name = "[CP] Embed Pods Frameworks";
			outputFileListPaths = (
				"${PODS_ROOT}/Target Support Files/Pods-CollectionView/Pods-CollectionView-frameworks-${CONFIGURATION}-output-files.xcfilelist",
			);
			runOnlyForDeploymentPostprocessing = 0;
			shellPath = /bin/sh;
			shellScript = "\"${PODS_ROOT}/Target Support Files/Pods-CollectionView/Pods-CollectionView-frameworks.sh\"\n";
			showEnvVarsInLog = 0;
		};
		F5C114002A2276661DFD9AD5 /* [CP] Check Pods Manifest.lock */ = {
			isa = PBXShellScriptBuildPhase;
			buildActionMask = 2147483647;
			files = (
			);
			inputFileListPaths = (
			);
			inputPaths = (
				"${PODS_PODFILE_DIR_PATH}/Podfile.lock",
				"${PODS_ROOT}/Manifest.lock",
			);
			name = "[CP] Check Pods Manifest.lock";
			outputFileListPaths = (
			);
			outputPaths = (
				"$(DERIVED_FILE_DIR)/Pods-CollectionView-checkManifestLockResult.txt",
			);
			runOnlyForDeploymentPostprocessing = 0;
			shellPath = /bin/sh;
			shellScript = "diff \"${PODS_PODFILE_DIR_PATH}/Podfile.lock\" \"${PODS_ROOT}/Manifest.lock\" > /dev/null\nif [ $? != 0 ] ; then\n    # print error to STDERR\n    echo \"error: The sandbox is not in sync with the Podfile.lock. Run 'pod install' or update your CocoaPods installation.\" >&2\n    exit 1\nfi\n# This output is used by Xcode 'outputs' to avoid re-running this script phase.\necho \"SUCCESS\" > \"${SCRIPT_OUTPUT_FILE_0}\"\n";
			showEnvVarsInLog = 0;
		};
/* End PBXShellScriptBuildPhase section */

/* Begin PBXSourcesBuildPhase section */
		7A6E426D22BD5058002B15E1 /* Sources */ = {
			isa = PBXSourcesBuildPhase;
			buildActionMask = 2147483647;
			files = (
				7A6E428822BD572A002B15E1 /* TechnologyCollectionViewCell.swift in Sources */,
				7A6E428B22BD58BA002B15E1 /* TechnologyModel.swift in Sources */,
				7A6E427722BD5058002B15E1 /* ViewController.swift in Sources */,
				7A6E427522BD5058002B15E1 /* AppDelegate.swift in Sources */,
			);
			runOnlyForDeploymentPostprocessing = 0;
		};
/* End PBXSourcesBuildPhase section */

/* Begin PBXVariantGroup section */
		7A6E427822BD5058002B15E1 /* Main.storyboard */ = {
			isa = PBXVariantGroup;
			children = (
				7A6E427922BD5058002B15E1 /* Base */,
			);
			name = Main.storyboard;
			sourceTree = "<group>";
		};
		7A6E427D22BD505A002B15E1 /* LaunchScreen.storyboard */ = {
			isa = PBXVariantGroup;
			children = (
				7A6E427E22BD505A002B15E1 /* Base */,
			);
			name = LaunchScreen.storyboard;
			sourceTree = "<group>";
		};
/* End PBXVariantGroup section */

/* Begin XCBuildConfiguration section */
		7A6E428122BD505A002B15E1 /* Debug */ = {
			isa = XCBuildConfiguration;
			buildSettings = {
				ALWAYS_SEARCH_USER_PATHS = NO;
				CLANG_ANALYZER_NONNULL = YES;
				CLANG_ANALYZER_NUMBER_OBJECT_CONVERSION = YES_AGGRESSIVE;
				CLANG_CXX_LANGUAGE_STANDARD = "gnu++14";
				CLANG_CXX_LIBRARY = "libc++";
				CLANG_ENABLE_MODULES = YES;
				CLANG_ENABLE_OBJC_ARC = YES;
				CLANG_ENABLE_OBJC_WEAK = YES;
				CLANG_WARN_BLOCK_CAPTURE_AUTORELEASING = YES;
				CLANG_WARN_BOOL_CONVERSION = YES;
				CLANG_WARN_COMMA = YES;
				CLANG_WARN_CONSTANT_CONVERSION = YES;
				CLANG_WARN_DEPRECATED_OBJC_IMPLEMENTATIONS = YES;
				CLANG_WARN_DIRECT_OBJC_ISA_USAGE = YES_ERROR;
				CLANG_WARN_DOCUMENTATION_COMMENTS = YES;
				CLANG_WARN_EMPTY_BODY = YES;
				CLANG_WARN_ENUM_CONVERSION = YES;
				CLANG_WARN_INFINITE_RECURSION = YES;
				CLANG_WARN_INT_CONVERSION = YES;
				CLANG_WARN_NON_LITERAL_NULL_CONVERSION = YES;
				CLANG_WARN_OBJC_IMPLICIT_RETAIN_SELF = YES;
				CLANG_WARN_OBJC_LITERAL_CONVERSION = YES;
				CLANG_WARN_OBJC_ROOT_CLASS = YES_ERROR;
				CLANG_WARN_RANGE_LOOP_ANALYSIS = YES;
				CLANG_WARN_STRICT_PROTOTYPES = YES;
				CLANG_WARN_SUSPICIOUS_MOVE = YES;
				CLANG_WARN_UNGUARDED_AVAILABILITY = YES_AGGRESSIVE;
				CLANG_WARN_UNREACHABLE_CODE = YES;
				CLANG_WARN__DUPLICATE_METHOD_MATCH = YES;
				CODE_SIGN_IDENTITY = "iPhone Developer";
				COPY_PHASE_STRIP = NO;
				DEBUG_INFORMATION_FORMAT = dwarf;
				ENABLE_STRICT_OBJC_MSGSEND = YES;
				ENABLE_TESTABILITY = YES;
				GCC_C_LANGUAGE_STANDARD = gnu11;
				GCC_DYNAMIC_NO_PIC = NO;
				GCC_NO_COMMON_BLOCKS = YES;
				GCC_OPTIMIZATION_LEVEL = 0;
				GCC_PREPROCESSOR_DEFINITIONS = (
					"DEBUG=1",
					"$(inherited)",
				);
				GCC_WARN_64_TO_32_BIT_CONVERSION = YES;
				GCC_WARN_ABOUT_RETURN_TYPE = YES_ERROR;
				GCC_WARN_UNDECLARED_SELECTOR = YES;
				GCC_WARN_UNINITIALIZED_AUTOS = YES_AGGRESSIVE;
				GCC_WARN_UNUSED_FUNCTION = YES;
				GCC_WARN_UNUSED_VARIABLE = YES;
				IPHONEOS_DEPLOYMENT_TARGET = 12.2;
				MTL_ENABLE_DEBUG_INFO = INCLUDE_SOURCE;
				MTL_FAST_MATH = YES;
				ONLY_ACTIVE_ARCH = YES;
				SDKROOT = iphoneos;
				SWIFT_ACTIVE_COMPILATION_CONDITIONS = DEBUG;
				SWIFT_OPTIMIZATION_LEVEL = "-Onone";
			};
			name = Debug;
		};
		7A6E428222BD505A002B15E1 /* Release */ = {
			isa = XCBuildConfiguration;
			buildSettings = {
				ALWAYS_SEARCH_USER_PATHS = NO;
				CLANG_ANALYZER_NONNULL = YES;
				CLANG_ANALYZER_NUMBER_OBJECT_CONVERSION = YES_AGGRESSIVE;
				CLANG_CXX_LANGUAGE_STANDARD = "gnu++14";
				CLANG_CXX_LIBRARY = "libc++";
				CLANG_ENABLE_MODULES = YES;
				CLANG_ENABLE_OBJC_ARC = YES;
				CLANG_ENABLE_OBJC_WEAK = YES;
				CLANG_WARN_BLOCK_CAPTURE_AUTORELEASING = YES;
				CLANG_WARN_BOOL_CONVERSION = YES;
				CLANG_WARN_COMMA = YES;
				CLANG_WARN_CONSTANT_CONVERSION = YES;
				CLANG_WARN_DEPRECATED_OBJC_IMPLEMENTATIONS = YES;
				CLANG_WARN_DIRECT_OBJC_ISA_USAGE = YES_ERROR;
				CLANG_WARN_DOCUMENTATION_COMMENTS = YES;
				CLANG_WARN_EMPTY_BODY = YES;
				CLANG_WARN_ENUM_CONVERSION = YES;
				CLANG_WARN_INFINITE_RECURSION = YES;
				CLANG_WARN_INT_CONVERSION = YES;
				CLANG_WARN_NON_LITERAL_NULL_CONVERSION = YES;
				CLANG_WARN_OBJC_IMPLICIT_RETAIN_SELF = YES;
				CLANG_WARN_OBJC_LITERAL_CONVERSION = YES;
				CLANG_WARN_OBJC_ROOT_CLASS = YES_ERROR;
				CLANG_WARN_RANGE_LOOP_ANALYSIS = YES;
				CLANG_WARN_STRICT_PROTOTYPES = YES;
				CLANG_WARN_SUSPICIOUS_MOVE = YES;
				CLANG_WARN_UNGUARDED_AVAILABILITY = YES_AGGRESSIVE;
				CLANG_WARN_UNREACHABLE_CODE = YES;
				CLANG_WARN__DUPLICATE_METHOD_MATCH = YES;
				CODE_SIGN_IDENTITY = "iPhone Developer";
				COPY_PHASE_STRIP = NO;
				DEBUG_INFORMATION_FORMAT = "dwarf-with-dsym";
				ENABLE_NS_ASSERTIONS = NO;
				ENABLE_STRICT_OBJC_MSGSEND = YES;
				GCC_C_LANGUAGE_STANDARD = gnu11;
				GCC_NO_COMMON_BLOCKS = YES;
				GCC_WARN_64_TO_32_BIT_CONVERSION = YES;
				GCC_WARN_ABOUT_RETURN_TYPE = YES_ERROR;
				GCC_WARN_UNDECLARED_SELECTOR = YES;
				GCC_WARN_UNINITIALIZED_AUTOS = YES_AGGRESSIVE;
				GCC_WARN_UNUSED_FUNCTION = YES;
				GCC_WARN_UNUSED_VARIABLE = YES;
				IPHONEOS_DEPLOYMENT_TARGET = 12.2;
				MTL_ENABLE_DEBUG_INFO = NO;
				MTL_FAST_MATH = YES;
				SDKROOT = iphoneos;
				SWIFT_COMPILATION_MODE = wholemodule;
				SWIFT_OPTIMIZATION_LEVEL = "-O";
				VALIDATE_PRODUCT = YES;
			};
			name = Release;
		};
		7A6E428422BD505A002B15E1 /* Debug */ = {
			isa = XCBuildConfiguration;
			baseConfigurationReference = 1BF84FC1813DC0C77B540F33 /* Pods-CollectionView.debug.xcconfig */;
			buildSettings = {
				ASSETCATALOG_COMPILER_APPICON_NAME = AppIcon;
				CODE_SIGN_STYLE = Automatic;
				DEVELOPMENT_TEAM = ZUDV46PUCB;
				INFOPLIST_FILE = CollectionView/Info.plist;
				IPHONEOS_DEPLOYMENT_TARGET = 9.0;
				LD_RUNPATH_SEARCH_PATHS = (
					"$(inherited)",
					"@executable_path/Frameworks",
				);
				PRODUCT_BUNDLE_IDENTIFIER = com.Thaliees.CollectionView;
				PRODUCT_NAME = "$(TARGET_NAME)";
				SWIFT_VERSION = 5.0;
				TARGETED_DEVICE_FAMILY = "1,2";
			};
			name = Debug;
		};
		7A6E428522BD505A002B15E1 /* Release */ = {
			isa = XCBuildConfiguration;
			baseConfigurationReference = 59E01291F946371FF97AD660 /* Pods-CollectionView.release.xcconfig */;
			buildSettings = {
				ASSETCATALOG_COMPILER_APPICON_NAME = AppIcon;
				CODE_SIGN_STYLE = Automatic;
				DEVELOPMENT_TEAM = ZUDV46PUCB;
				INFOPLIST_FILE = CollectionView/Info.plist;
				IPHONEOS_DEPLOYMENT_TARGET = 9.0;
				LD_RUNPATH_SEARCH_PATHS = (
					"$(inherited)",
					"@executable_path/Frameworks",
				);
				PRODUCT_BUNDLE_IDENTIFIER = com.Thaliees.CollectionView;
				PRODUCT_NAME = "$(TARGET_NAME)";
				SWIFT_VERSION = 5.0;
				TARGETED_DEVICE_FAMILY = "1,2";
			};
			name = Release;
		};
/* End XCBuildConfiguration section */

/* Begin XCConfigurationList section */
		7A6E426C22BD5058002B15E1 /* Build configuration list for PBXProject "CollectionView" */ = {
			isa = XCConfigurationList;
			buildConfigurations = (
				7A6E428122BD505A002B15E1 /* Debug */,
				7A6E428222BD505A002B15E1 /* Release */,
			);
			defaultConfigurationIsVisible = 0;
			defaultConfigurationName = Release;
		};
		7A6E428322BD505A002B15E1 /* Build configuration list for PBXNativeTarget "CollectionView" */ = {
			isa = XCConfigurationList;
			buildConfigurations = (
				7A6E428422BD505A002B15E1 /* Debug */,
				7A6E428522BD505A002B15E1 /* Release */,
			);
			defaultConfigurationIsVisible = 0;
			defaultConfigurationName = Release;
		};
/* End XCConfigurationList section */
	};
	rootObject = 7A6E426922BD5058002B15E1 /* Project object */;
}
